<?xml version="1.0" encoding="utf-8"?>
<Project ToolsVersion="4.0" xmlns="http://schemas.microsoft.com/developer/msbuild/2003">
  <ItemGroup>
    <ClCompile Include="Application.cpp" />
    <ClCompile Include="DebugInfo.cpp" />
    <ClCompile Include="main.cpp" />
    <ClCompile Include="ThirdParties\imgui\imgui.cpp" />
    <ClCompile Include="ThirdParties\imgui\imgui_demo.cpp" />
    <ClCompile Include="ThirdParties\imgui\imgui_draw.cpp" />
    <ClCompile Include="ThirdParties\imgui\imgui_tables.cpp" />
    <ClCompile Include="ThirdParties\imgui\imgui_widgets.cpp" />
    <ClCompile Include="Core\Utils\Math.cpp">
      <Filter>Core\Utils</Filter>
    </ClCompile>
    <ClCompile Include="Core\Utils\Utility.cpp">
      <Filter>Core\Utils</Filter>
    </ClCompile>
    <ClCompile Include="Core\Components\FreeCamera.cpp">
      <Filter>Core\Components</Filter>
    </ClCompile>
    <ClCompile Include="Core\Components\PerspectiveCamera.cpp">
      <Filter>Core\Components</Filter>
    </ClCompile>
    <ClCompile Include="Core\Components\Transform.cpp">
      <Filter>Core\Components</Filter>
    </ClCompile>
    <ClCompile Include="Core\Utils\GLTFLoader.cpp">
      <Filter>Core\Utils</Filter>
    </ClCompile>
    <ClCompile Include="Core\Components\Mesh.cpp">
      <Filter>Core\Components</Filter>
    </ClCompile>
    <ClCompile Include="Core\Components\Light.cpp">
      <Filter>Core\Components</Filter>
    </ClCompile>
    <ClCompile Include="Core\Utils\JsonParser.cpp">
      <Filter>Core\Utils</Filter>
    </ClCompile>
    <ClCompile Include="Sample\SampleScene.cpp">
      <Filter>Sample</Filter>
    </ClCompile>
    <ClCompile Include="Sample\ForwardRenderPipeline.cpp">
      <Filter>Sample</Filter>
    </ClCompile>
    <ClCompile Include="Core\Graphics\Vulkans\Buffer.cpp">
      <Filter>Core\Graphics\Vulkans</Filter>
    </ClCompile>
    <ClCompile Include="Core\Graphics\Vulkans\CommandBuffer.cpp">
      <Filter>Core\Graphics\Vulkans</Filter>
    </ClCompile>
    <ClCompile Include="Core\Graphics\Vulkans\CommandPool.cpp">
      <Filter>Core\Graphics\Vulkans</Filter>
    </ClCompile>
    <ClCompile Include="Core\Graphics\Vulkans\DescriptorPool.cpp">
      <Filter>Core\Graphics\Vulkans</Filter>
    </ClCompile>
    <ClCompile Include="Core\Graphics\Vulkans\Device.cpp">
      <Filter>Core\Graphics\Vulkans</Filter>
    </ClCompile>
    <ClCompile Include="Core\Foundation\Entity.cpp">
      <Filter>Core\Foundation</Filter>
    </ClCompile>
    <ClCompile Include="Core\Utils\FileSystem.cpp">
      <Filter>Core\Utils</Filter>
    </ClCompile>
    <ClCompile Include="Core\Foundation\Component.cpp">
      <Filter>Core\Foundation</Filter>
    </ClCompile>
    <ClCompile Include="Core\Graphics\Vulkans\Framebuffer.cpp">
      <Filter>Core\Graphics\Vulkans</Filter>
    </ClCompile>
    <ClCompile Include="Core\Graphics\Vulkans\Image.cpp">
      <Filter>Core\Graphics\Vulkans</Filter>
    </ClCompile>
    <ClCompile Include="Core\Graphics\Material.cpp">
      <Filter>Core\Graphics</Filter>
    </ClCompile>
    <ClCompile Include="Core\Utils\InputEvents.cpp">
      <Filter>Core\Utils</Filter>
    </ClCompile>
    <ClCompile Include="Core\Graphics\Vulkans\Pipeline.cpp">
      <Filter>Core\Graphics\Vulkans</Filter>
    </ClCompile>
    <ClCompile Include="Core\Graphics\Vulkans\PipelineState.cpp">
      <Filter>Core\Graphics\Vulkans</Filter>
    </ClCompile>
    <ClCompile Include="Core\Graphics\RenderContext.cpp">
      <Filter>Core\Graphics</Filter>
    </ClCompile>
    <ClCompile Include="Core\Graphics\RendererBatch.cpp">
      <Filter>Core\Graphics</Filter>
    </ClCompile>
    <ClCompile Include="Core\Graphics\RenderFrame.cpp">
      <Filter>Core\Graphics</Filter>
    </ClCompile>
    <ClCompile Include="Core\Graphics\Vulkans\RenderPass.cpp">
      <Filter>Core\Graphics\Vulkans</Filter>
    </ClCompile>
    <ClCompile Include="Core\Graphics\Vulkans\Sampler.cpp">
      <Filter>Core\Graphics\Vulkans</Filter>
    </ClCompile>
    <ClCompile Include="Core\Graphics\Vulkans\Shader.cpp">
      <Filter>Core\Graphics\Vulkans</Filter>
    </ClCompile>
    <ClCompile Include="Core\Foundation\Window.cpp">
      <Filter>Core\Foundation</Filter>
    </ClCompile>
    <ClCompile Include="Core\Foundation\Scene.cpp">
      <Filter>Core\Foundation</Filter>
    </ClCompile>
    <ClCompile Include="Core\Graphics\Vulkans\Vertex.cpp">
      <Filter>Core\Graphics\Vulkans</Filter>
    </ClCompile>
    <ClCompile Include="Core\Graphics\Vulkans\UniformBuffer.cpp">
      <Filter>Core\Graphics\Vulkans</Filter>
    </ClCompile>
    <ClCompile Include="Core\Graphics\Vulkans\TextureBuffer.cpp">
      <Filter>Core\Graphics\Vulkans</Filter>
    </ClCompile>
    <ClCompile Include="Core\Graphics\Vulkans\Texture.cpp">
      <Filter>Core\Graphics\Vulkans</Filter>
    </ClCompile>
    <ClCompile Include="Core\Graphics\Vulkans\SwapChain.cpp">
      <Filter>Core\Graphics\Vulkans</Filter>
    </ClCompile>
    <ClCompile Include="Core\Graphics\SubMesh.cpp">
      <Filter>Core\Graphics</Filter>
    </ClCompile>
    <ClCompile Include="Sample\RendererPasses\BrdfLutPass.cpp">
      <Filter>Sample\RendererPasses</Filter>
    </ClCompile>
    <ClCompile Include="Sample\RendererPasses\PreEnvironmentPass.cpp">
      <Filter>Sample\RendererPasses</Filter>
    </ClCompile>
    <ClCompile Include="Sample\RendererPasses\GeometryPass.cpp">
      <Filter>Sample\RendererPasses</Filter>
    </ClCompile>
    <ClCompile Include="Sample\RendererPasses\GUIRenderPass.cpp">
      <Filter>Sample\RendererPasses</Filter>
    </ClCompile>
    <ClCompile Include="Sample\RendererPasses\ShadowPass.cpp">
      <Filter>Sample\RendererPasses</Filter>
    </ClCompile>
    <ClCompile Include="Core\Utils\timer.cpp">
      <Filter>Core\Utils</Filter>
    </ClCompile>
    <ClCompile Include="Core\Graphics\RendererPass.cpp">
      <Filter>Core\Graphics</Filter>
    </ClCompile>
    <ClCompile Include="Core\Graphics\Vulkans\MemoryAllocator.cpp">
      <Filter>Core\Graphics\Vulkans</Filter>
    </ClCompile>
    <ClCompile Include="Core\Foundation\Job.cpp" />
    <ClCompile Include="Core\Foundation\WorkerThread.cpp" />
    <ClCompile Include="Core\Graphics\TransferContext.cpp" />
    <ClCompile Include="Core\Graphics\TransferJob.cpp" />
    <ClCompile Include="Core\Graphics\Vulkans\Semaphore.cpp" />
    <ClCompile Include="Core\Graphics\ResourceCache.cpp" />
    <ClCompile Include="Core\Graphics\SpirvUtility.cpp" />
    <ClCompile Include="Core\Graphics\RendererPasses\DepthPrePass.cpp" />
    <ClCompile Include="Core\Graphics\Vulkans\StorageBuffer.cpp" />
    <ClCompile Include="Sample\RendererPasses\ParticlePass.cpp" />
    <ClCompile Include="Core\Graphics\RendererPasses\LightCullingPass.cpp" />
    <ClCompile Include="Core\Utils\Log.cpp" />
    <ClCompile Include="Core\Graphics\Vulkans\BindlessTextureManager.cpp" />
    <ClCompile Include="Core\Graphics\MeshBufferManager.cpp" />
    <ClCompile Include="ThirdParties\imgui\backends\imgui_impl_glfw.cpp" />
    <ClCompile Include="ThirdParties\imgui\backends\imgui_impl_vulkan.cpp" />
    <ClCompile Include="ThirdParties\imgui\backends\imgui_impl_glfw.h" />
    <ClCompile Include="ThirdParties\imgui\backends\imgui_impl_vulkan.h" />
    <ClCompile Include="Core\Graphics\MaterialManager.cpp" />
    <ClCompile Include="Core\Graphics\IndirectDrawBuffer.cpp" />
  </ItemGroup>
  <ItemGroup>
    <ClInclude Include="Application.h" />
    <ClInclude Include="DebugInfo.h" />
    <ClInclude Include="main.h" />
    <ClInclude Include="stdafx.h" />
    <ClInclude Include="resource.h" />
    <ClInclude Include="ThirdParties\imgui\imconfig.h" />
    <ClInclude Include="ThirdParties\imgui\imgui.h" />
    <ClInclude Include="ThirdParties\imgui\imgui_internal.h" />
    <ClInclude Include="Core\Utils\Math.h">
      <Filter>Core\Utils</Filter>
    </ClInclude>
    <ClInclude Include="Core\Utils\Utility.h">
      <Filter>Core\Utils</Filter>
    </ClInclude>
    <ClInclude Include="Core\Components\FreeCamera.h">
      <Filter>Core\Components</Filter>
    </ClInclude>
    <ClInclude Include="Core\Components\PerspectiveCamera.h">
      <Filter>Core\Components</Filter>
    </ClInclude>
    <ClInclude Include="Core\Components\Transform.h">
      <Filter>Core\Components</Filter>
    </ClInclude>
    <ClInclude Include="Core\Utils\GLTFLoader.h">
      <Filter>Core\Utils</Filter>
    </ClInclude>
    <ClInclude Include="Core\Utils\Log.h">
      <Filter>Core\Utils</Filter>
    </ClInclude>
    <ClInclude Include="Core\Components\Mesh.h">
      <Filter>Core\Components</Filter>
    </ClInclude>
    <ClInclude Include="Core\Components\Light.h">
      <Filter>Core\Components</Filter>
    </ClInclude>
    <ClInclude Include="Core\Utils\JsonParser.h">
      <Filter>Core\Utils</Filter>
    </ClInclude>
    <ClInclude Include="Core\Utils\Keycodes.h">
      <Filter>Core\Utils</Filter>
    </ClInclude>
    <ClInclude Include="Sample\SampleScene.h">
      <Filter>Sample</Filter>
    </ClInclude>
    <ClInclude Include="Sample\ForwardRenderPipeline.h">
      <Filter>Sample</Filter>
    </ClInclude>
    <ClInclude Include="Core\Graphics\BufferObjects.h">
      <Filter>Core\Graphics</Filter>
    </ClInclude>
    <ClInclude Include="Core\Graphics\Vulkans\Buffer.h">
      <Filter>Core\Graphics\Vulkans</Filter>
    </ClInclude>
    <ClInclude Include="Core\Graphics\Vulkans\CommandBuffer.h">
      <Filter>Core\Graphics\Vulkans</Filter>
    </ClInclude>
    <ClInclude Include="Core\Graphics\Vulkans\CommandPool.h">
      <Filter>Core\Graphics\Vulkans</Filter>
    </ClInclude>
    <ClInclude Include="Core\Graphics\Vulkans\DescriptorPool.h">
      <Filter>Core\Graphics\Vulkans</Filter>
    </ClInclude>
    <ClInclude Include="Core\Graphics\Vulkans\Device.h">
      <Filter>Core\Graphics\Vulkans</Filter>
    </ClInclude>
    <ClInclude Include="Core\Foundation\Entity.h">
      <Filter>Core\Foundation</Filter>
    </ClInclude>
    <ClInclude Include="Core\Utils\FileSystem.h">
      <Filter>Core\Utils</Filter>
    </ClInclude>
    <ClInclude Include="Core\Foundation\Component.h">
      <Filter>Core\Foundation</Filter>
    </ClInclude>
    <ClInclude Include="Core\Graphics\Vulkans\Framebuffer.h">
      <Filter>Core\Graphics\Vulkans</Filter>
    </ClInclude>
    <ClInclude Include="Core\Graphics\Vulkans\IDescriptor.h">
      <Filter>Core\Graphics\Vulkans</Filter>
    </ClInclude>
    <ClInclude Include="Core\Graphics\Vulkans\Image.h">
      <Filter>Core\Graphics\Vulkans</Filter>
    </ClInclude>
    <ClInclude Include="Assets\Shaders\lighting.h">
      <Filter>Assets\Shaders</Filter>
    </ClInclude>
    <ClInclude Include="Core\Graphics\Material.h">
      <Filter>Core\Graphics</Filter>
    </ClInclude>
    <ClInclude Include="Core\Utils\InputEvents.h">
      <Filter>Core\Utils</Filter>
    </ClInclude>
    <ClInclude Include="Core\Graphics\IRenderPipeline.h">
      <Filter>Core\Graphics</Filter>
    </ClInclude>
    <ClInclude Include="Core\Graphics\Vulkans\Pipeline.h">
      <Filter>Core\Graphics\Vulkans</Filter>
    </ClInclude>
    <ClInclude Include="Core\Graphics\Vulkans\PipelineState.h">
      <Filter>Core\Graphics\Vulkans</Filter>
    </ClInclude>
    <ClInclude Include="Core\Graphics\RenderContext.h">
      <Filter>Core\Graphics</Filter>
    </ClInclude>
    <ClInclude Include="Core\Graphics\RendererBatch.h">
      <Filter>Core\Graphics</Filter>
    </ClInclude>
    <ClInclude Include="Core\Graphics\RenderFrame.h">
      <Filter>Core\Graphics</Filter>
    </ClInclude>
    <ClInclude Include="Core\Graphics\Vulkans\RenderPass.h">
      <Filter>Core\Graphics\Vulkans</Filter>
    </ClInclude>
    <ClInclude Include="Core\Graphics\Vulkans\Sampler.h">
      <Filter>Core\Graphics\Vulkans</Filter>
    </ClInclude>
    <ClInclude Include="Core\Graphics\Vulkans\Shader.h">
      <Filter>Core\Graphics\Vulkans</Filter>
    </ClInclude>
    <ClInclude Include="Core\Foundation\Window.h">
      <Filter>Core\Foundation</Filter>
    </ClInclude>
    <ClInclude Include="Core\Foundation\Scene.h">
      <Filter>Core\Foundation</Filter>
    </ClInclude>
    <ClInclude Include="Core\Graphics\Vulkans\Vertex.h">
      <Filter>Core\Graphics\Vulkans</Filter>
    </ClInclude>
    <ClInclude Include="Core\Graphics\Vulkans\UniformBuffer.h">
      <Filter>Core\Graphics\Vulkans</Filter>
    </ClInclude>
    <ClInclude Include="Core\Graphics\Vulkans\TextureBuffer.h">
      <Filter>Core\Graphics\Vulkans</Filter>
    </ClInclude>
    <ClInclude Include="Core\Graphics\Vulkans\Texture.h">
      <Filter>Core\Graphics\Vulkans</Filter>
    </ClInclude>
    <ClInclude Include="Core\Graphics\Vulkans\SwapChain.h">
      <Filter>Core\Graphics\Vulkans</Filter>
    </ClInclude>
    <ClInclude Include="Core\Graphics\SubMesh.h">
      <Filter>Core\Graphics</Filter>
    </ClInclude>
    <ClInclude Include="Sample\RendererPasses\BrdfLutPass.h">
      <Filter>Sample\RendererPasses</Filter>
    </ClInclude>
    <ClInclude Include="Sample\RendererPasses\PreEnvironmentPass.h">
      <Filter>Sample\RendererPasses</Filter>
    </ClInclude>
    <ClInclude Include="Sample\RendererPasses\GeometryPass.h">
      <Filter>Sample\RendererPasses</Filter>
    </ClInclude>
    <ClInclude Include="Sample\RendererPasses\GUIRenderPass.h">
      <Filter>Sample\RendererPasses</Filter>
    </ClInclude>
    <ClInclude Include="Sample\RendererPasses\ShadowPass.h">
      <Filter>Sample\RendererPasses</Filter>
    </ClInclude>
    <ClInclude Include="Core\Utils\timer.h">
      <Filter>Core\Utils</Filter>
    </ClInclude>
    <ClInclude Include="Core\Graphics\RendererPass.h">
      <Filter>Core\Graphics</Filter>
    </ClInclude>
    <ClInclude Include="Core\Graphics\Vulkans\MemoryAllocator.h">
      <Filter>Core\Graphics\Vulkans</Filter>
    </ClInclude>
    <ClInclude Include="Core\Foundation\AsyncLoadable.h">
      <Filter>Core\Graphics\Vulkans</Filter>
    </ClInclude>
    <ClInclude Include="Core\Foundation\Job.h" />
    <ClInclude Include="Core\Foundation\WorkerThread.h" />
    <ClInclude Include="Core\Graphics\TransferContext.h" />
    <ClInclude Include="Core\Graphics\TransferJob.h" />
    <ClInclude Include="Core\Graphics\Vulkans\Semaphore.h" />
    <ClInclude Include="Core\Graphics\ResourceCache.h" />
    <ClInclude Include="Core\Graphics\SpirvUtility.h" />
    <ClInclude Include="Core\Graphics\RendererPasses\DepthPrePass.h" />
    <ClInclude Include="Core\Graphics\Vulkans\StorageBuffer.h" />
    <ClInclude Include="Sample\RendererPasses\ParticlePass.h" />
    <ClInclude Include="Core\Graphics\RendererPasses\LightCullingPass.h" />
    <ClInclude Include="Core\Graphics\Vulkans\BindlessTextureManager.h" />
    <ClInclude Include="Core\Graphics\MeshBufferManager.h" />
    <ClInclude Include="Core\Graphics\MaterialManager.h" />
    <ClInclude Include="Core\Graphics\IndirectDrawBuffer.h" />
  </ItemGroup>
  <ItemGroup>
    <None Include="Assets\Shaders\brdf_lut.frag">
      <Filter>Assets\Shaders</Filter>
    </None>
    <None Include="Assets\Shaders\brdf_lut.frag.spv">
      <Filter>Assets\Shaders</Filter>
    </None>
    <None Include="Assets\Shaders\brdf_lut.vert">
      <Filter>Assets\Shaders</Filter>
    </None>
    <None Include="Assets\Shaders\brdf_lut.vert.spv">
      <Filter>Assets\Shaders</Filter>
    </None>
    <None Include="Assets\Shaders\common.glsl">
      <Filter>Assets\Shaders</Filter>
    </None>
    <None Include="Assets\Shaders\filtercube.vert">
      <Filter>Assets\Shaders</Filter>
    </None>
    <None Include="Assets\Shaders\filtercube.vert.spv">
      <Filter>Assets\Shaders</Filter>
    </None>
    <None Include="Assets\Shaders\pbr.frag">
      <Filter>Assets\Shaders</Filter>
    </None>
    <None Include="Assets\Shaders\pbr.frag.spv">
      <Filter>Assets\Shaders</Filter>
    </None>
    <None Include="Assets\Shaders\pbr.glsl">
      <Filter>Assets\Shaders</Filter>
    </None>
    <None Include="Assets\Shaders\pbr.vert">
      <Filter>Assets\Shaders</Filter>
    </None>
    <None Include="Assets\Shaders\pbr.vert.spv">
      <Filter>Assets\Shaders</Filter>
    </None>
    <None Include="Assets\Shaders\prefilter.frag">
      <Filter>Assets\Shaders</Filter>
    </None>
    <None Include="Assets\Shaders\prefilter.frag.spv">
      <Filter>Assets\Shaders</Filter>
    </None>
    <None Include="Assets\Shaders\irradiance.frag">
      <Filter>Assets\Shaders</Filter>
    </None>
    <None Include="Assets\Shaders\irradiance.frag.spv">
      <Filter>Assets\Shaders</Filter>
    </None>
    <None Include="Assets\Shaders\shadow.frag">
      <Filter>Assets\Shaders</Filter>
    </None>
    <None Include="Assets\Shaders\shadow.frag.spv">
      <Filter>Assets\Shaders</Filter>
    </None>
    <None Include="Assets\Shaders\shadow.vert">
      <Filter>Assets\Shaders</Filter>
    </None>
    <None Include="Assets\Shaders\shadow.vert.spv">
      <Filter>Assets\Shaders</Filter>
    </None>
    <None Include="Assets\Shaders\skybox.frag">
      <Filter>Assets\Shaders</Filter>
    </None>
    <None Include="Assets\Shaders\skybox.frag.spv">
      <Filter>Assets\Shaders</Filter>
    </None>
    <None Include="Assets\Shaders\skybox.vert">
      <Filter>Assets\Shaders</Filter>
    </None>
    <None Include="Assets\Shaders\skybox.vert.spv">
      <Filter>Assets\Shaders</Filter>
    </None>
    <None Include="Assets\Shaders\particle.comp" />
    <None Include="Assets\Shaders\particle.vert" />
    <None Include="Assets\Shaders\particle.frag" />
    <None Include="Assets\Shaders\lightCulling.comp" />
  </ItemGroup>
  <ItemGroup>
    <Filter Include="Core">
      <UniqueIdentifier>{798de726-918b-4bbe-a69c-391f43793033}</UniqueIdentifier>
    </Filter>
    <Filter Include="IMGUI">
      <UniqueIdentifier>{cbdbe374-97c0-4824-9cd1-5c533165dcff}</UniqueIdentifier>
    </Filter>
    <Filter Include="Core\Utils">
      <UniqueIdentifier>{70c848c7-0b73-402a-98ce-b669fb9cf25e}</UniqueIdentifier>
    </Filter>
    <Filter Include="Core\Components">
      <UniqueIdentifier>{49ce4538-79c5-4c0c-9c49-abcbcdff5dd9}</UniqueIdentifier>
    </Filter>
    <Filter Include="Core\Graphics">
      <UniqueIdentifier>{44d4250f-30c8-4da0-9e16-1758d238db1e}</UniqueIdentifier>
    </Filter>
    <Filter Include="Core\Foundation">
      <UniqueIdentifier>{1181ba06-d8be-4b27-a183-a8952bea4e2f}</UniqueIdentifier>
    </Filter>
    <Filter Include="Core\Graphics\Vulkans">
      <UniqueIdentifier>{63ed5799-922e-4587-82df-b600d3699296}</UniqueIdentifier>
    </Filter>
    <Filter Include="Sample">
      <UniqueIdentifier>{3e512f73-f14f-413d-bdf3-2ce3017729c7}</UniqueIdentifier>
    </Filter>
    <Filter Include="Sample\RendererPasses">
      <UniqueIdentifier>{8543359d-de93-446e-849c-29554a0872fc}</UniqueIdentifier>
    </Filter>
    <Filter Include="Assets">
      <UniqueIdentifier>{76d2cdfa-d60c-45f6-9d93-6d8feaf042ae}</UniqueIdentifier>
    </Filter>
    <Filter Include="Assets\Shaders">
      <UniqueIdentifier>{bc121875-fd60-4a2a-94af-1485700a967c}</UniqueIdentifier>
    </Filter>
  </ItemGroup>
  <ItemGroup>
    <ResourceCompile Include="Anggeum-Engine.rc" />
  </ItemGroup>
</Project>