<?xml version="1.0" encoding="utf-8"?>
<Project ToolsVersion="4.0" xmlns="http://schemas.microsoft.com/developer/msbuild/2003">
  <ItemGroup>
    <ClCompile Include="Application.cpp" />
    <ClCompile Include="DebugInfo.cpp" />
    <ClCompile Include="main.cpp" />
    <ClCompile Include="Components\FreeCamera.cpp">
      <Filter>Components</Filter>
    </ClCompile>
    <ClCompile Include="Components\MeshRenderer.cpp">
      <Filter>Components</Filter>
    </ClCompile>
    <ClCompile Include="Components\PerspectiveCamera.cpp">
      <Filter>Components</Filter>
    </ClCompile>
    <ClCompile Include="Core\Component.cpp">
      <Filter>Core</Filter>
    </ClCompile>
    <ClCompile Include="Core\Entity.cpp">
      <Filter>Core</Filter>
    </ClCompile>
    <ClCompile Include="Core\InputEvents.cpp">
      <Filter>Core</Filter>
    </ClCompile>
    <ClCompile Include="Core\InstanceData.cpp">
      <Filter>Core</Filter>
    </ClCompile>
    <ClCompile Include="Core\Material.cpp">
      <Filter>Core</Filter>
    </ClCompile>
    <ClCompile Include="Core\Mesh.cpp">
      <Filter>Core</Filter>
    </ClCompile>
    <ClCompile Include="Core\RenderContext.cpp">
      <Filter>Core</Filter>
    </ClCompile>
    <ClCompile Include="Core\RendererBatch.cpp">
      <Filter>Core</Filter>
    </ClCompile>
    <ClCompile Include="Core\RenderFrame.cpp">
      <Filter>Core</Filter>
    </ClCompile>
    <ClCompile Include="Core\Scene.cpp">
      <Filter>Core</Filter>
    </ClCompile>
    <ClCompile Include="Core\Shader.cpp">
      <Filter>Core</Filter>
    </ClCompile>
    <ClCompile Include="Core\Texture.cpp">
      <Filter>Core</Filter>
    </ClCompile>
    <ClCompile Include="Core\timer.cpp">
      <Filter>Core</Filter>
    </ClCompile>
    <ClCompile Include="Core\Transform.cpp">
      <Filter>Core</Filter>
    </ClCompile>
    <ClCompile Include="Core\Utility.cpp">
      <Filter>Core</Filter>
    </ClCompile>
    <ClCompile Include="Core\Vertex.cpp">
      <Filter>Core</Filter>
    </ClCompile>
    <ClCompile Include="Core\Window.cpp">
      <Filter>Core</Filter>
    </ClCompile>
    <ClCompile Include="Core\Buffer.cpp">
      <Filter>Core\Vulkan</Filter>
    </ClCompile>
    <ClCompile Include="Core\CommandBuffer.cpp">
      <Filter>Core\Vulkan</Filter>
    </ClCompile>
    <ClCompile Include="Core\CommandPool.cpp">
      <Filter>Core\Vulkan</Filter>
    </ClCompile>
    <ClCompile Include="Core\Device.cpp">
      <Filter>Core\Vulkan</Filter>
    </ClCompile>
    <ClCompile Include="Core\Framebuffer.cpp">
      <Filter>Core\Vulkan</Filter>
    </ClCompile>
    <ClCompile Include="Core\Pipeline.cpp">
      <Filter>Core\Vulkan</Filter>
    </ClCompile>
    <ClCompile Include="Core\PushConstant.cpp">
      <Filter>Core\Vulkan</Filter>
    </ClCompile>
    <ClCompile Include="Core\RenderPass.cpp">
      <Filter>Core\Vulkan</Filter>
    </ClCompile>
    <ClCompile Include="Core\SwapChain.cpp">
      <Filter>Core\Vulkan</Filter>
    </ClCompile>
    <ClCompile Include="Core\TextureBuffer.cpp">
      <Filter>Core</Filter>
    </ClCompile>
    <ClCompile Include="Core\UniformBuffer.cpp">
      <Filter>Core</Filter>
    </ClCompile>
    <ClCompile Include="Core\RenderTarget.cpp">
      <Filter>Core</Filter>
    </ClCompile>
    <ClCompile Include="Core\BufferObjects\BufferObjects.cpp">
      <Filter>Core\BufferObjects</Filter>
    </ClCompile>
    <ClCompile Include="Core\PipelineState.cpp">
      <Filter>Core</Filter>
    </ClCompile>
    <ClCompile Include="ThirdParties\imgui\imgui.cpp" />
    <ClCompile Include="ThirdParties\imgui\imgui_demo.cpp" />
    <ClCompile Include="ThirdParties\imgui\imgui_draw.cpp" />
    <ClCompile Include="ThirdParties\imgui\imgui_impl_glfw.cpp" />
    <ClCompile Include="ThirdParties\imgui\imgui_impl_vulkan.cpp" />
    <ClCompile Include="ThirdParties\imgui\imgui_tables.cpp" />
    <ClCompile Include="ThirdParties\imgui\imgui_widgets.cpp" />
    <ClCompile Include="Sample\Sample\SampleScene.cpp">
      <Filter>Sample</Filter>
    </ClCompile>
    <ClCompile Include="Core\ForwardRenderPipeline.cpp">
      <Filter>Core</Filter>
    </ClCompile>
    <ClCompile Include="Core\JsonParser.cpp">
      <Filter>Core</Filter>
    </ClCompile>
    <ClCompile Include="Core\RenderPasses\GeometryRenderPass.cpp">
      <Filter>Core\RenderPasses</Filter>
    </ClCompile>
    <ClCompile Include="Core\RenderPasses\GUIRenderPass.cpp">
      <Filter>Core\RenderPasses</Filter>
    </ClCompile>
    <ClCompile Include="Core\RenderPasses\ShadowRenderPass.cpp">
      <Filter>Core\RenderPasses</Filter>
    </ClCompile>
    <ClCompile Include="Core\MaterialFactory.cpp">
      <Filter>Core</Filter>
    </ClCompile>
    <ClCompile Include="Core\MeshFactory.cpp">
      <Filter>Core</Filter>
    </ClCompile>
    <ClCompile Include="Core\ShaderFactory.cpp">
      <Filter>Core</Filter>
    </ClCompile>
    <ClCompile Include="Shaders\SampleShader.cpp">
      <Filter>Shaders</Filter>
    </ClCompile>
    <ClCompile Include="Shaders\ShadowShader.cpp">
      <Filter>Shaders</Filter>
    </ClCompile>
    <ClCompile Include="Core\DescriptorPool.cpp">
      <Filter>Core</Filter>
    </ClCompile>
    <ClCompile Include="Core\Utils\Math.cpp">
      <Filter>Core\Utils</Filter>
    </ClCompile>
  </ItemGroup>
  <ItemGroup>
    <ClInclude Include="Application.h" />
    <ClInclude Include="DebugInfo.h" />
    <ClInclude Include="main.h" />
    <ClInclude Include="stdafx.h" />
    <ClInclude Include="IRenderPipeline.h" />
    <ClInclude Include="resource.h" />
    <ClInclude Include="Components\FreeCamera.h">
      <Filter>Components</Filter>
    </ClInclude>
    <ClInclude Include="Components\MeshRenderer.h">
      <Filter>Components</Filter>
    </ClInclude>
    <ClInclude Include="Components\PerspectiveCamera.h">
      <Filter>Components</Filter>
    </ClInclude>
    <ClInclude Include="Core\Component.h">
      <Filter>Core</Filter>
    </ClInclude>
    <ClInclude Include="Core\Entity.h">
      <Filter>Core</Filter>
    </ClInclude>
    <ClInclude Include="Core\InputEvents.h">
      <Filter>Core</Filter>
    </ClInclude>
    <ClInclude Include="Core\InstanceData.h">
      <Filter>Core</Filter>
    </ClInclude>
    <ClInclude Include="Core\Keycodes.h">
      <Filter>Core</Filter>
    </ClInclude>
    <ClInclude Include="Core\Material.h">
      <Filter>Core</Filter>
    </ClInclude>
    <ClInclude Include="Core\Mesh.h">
      <Filter>Core</Filter>
    </ClInclude>
    <ClInclude Include="Core\RenderContext.h">
      <Filter>Core</Filter>
    </ClInclude>
    <ClInclude Include="Core\RendererBatch.h">
      <Filter>Core</Filter>
    </ClInclude>
    <ClInclude Include="Core\RenderFrame.h">
      <Filter>Core</Filter>
    </ClInclude>
    <ClInclude Include="Core\Scene.h">
      <Filter>Core</Filter>
    </ClInclude>
    <ClInclude Include="Core\Shader.h">
      <Filter>Core</Filter>
    </ClInclude>
    <ClInclude Include="Core\Texture.h">
      <Filter>Core</Filter>
    </ClInclude>
    <ClInclude Include="Core\timer.h">
      <Filter>Core</Filter>
    </ClInclude>
    <ClInclude Include="Core\Transform.h">
      <Filter>Core</Filter>
    </ClInclude>
    <ClInclude Include="Core\Utility.h">
      <Filter>Core</Filter>
    </ClInclude>
    <ClInclude Include="Core\Vertex.h">
      <Filter>Core</Filter>
    </ClInclude>
    <ClInclude Include="Core\Window.h">
      <Filter>Core</Filter>
    </ClInclude>
    <ClInclude Include="Core\Buffer.h">
      <Filter>Core\Vulkan</Filter>
    </ClInclude>
    <ClInclude Include="Core\CommandBuffer.h">
      <Filter>Core\Vulkan</Filter>
    </ClInclude>
    <ClInclude Include="Core\CommandPool.h">
      <Filter>Core\Vulkan</Filter>
    </ClInclude>
    <ClInclude Include="Core\Device.h">
      <Filter>Core\Vulkan</Filter>
    </ClInclude>
    <ClInclude Include="Core\Framebuffer.h">
      <Filter>Core\Vulkan</Filter>
    </ClInclude>
    <ClInclude Include="Core\IDescriptor.h">
      <Filter>Core\Vulkan</Filter>
    </ClInclude>
    <ClInclude Include="Core\IRenderPipeline.h">
      <Filter>Core\Vulkan</Filter>
    </ClInclude>
    <ClInclude Include="Core\Pipeline.h">
      <Filter>Core\Vulkan</Filter>
    </ClInclude>
    <ClInclude Include="Core\PushConstant.h">
      <Filter>Core\Vulkan</Filter>
    </ClInclude>
    <ClInclude Include="Core\RenderPass.h">
      <Filter>Core\Vulkan</Filter>
    </ClInclude>
    <ClInclude Include="Core\SwapChain.h">
      <Filter>Core\Vulkan</Filter>
    </ClInclude>
    <ClInclude Include="Core\UniformBuffer.h">
      <Filter>Core</Filter>
    </ClInclude>
    <ClInclude Include="Core\TextureBuffer.h">
      <Filter>Core</Filter>
    </ClInclude>
    <ClInclude Include="Core\RenderTarget.h">
      <Filter>Core</Filter>
    </ClInclude>
    <ClInclude Include="Core\BufferObjects\BufferObjects.h">
      <Filter>Core\BufferObjects</Filter>
    </ClInclude>
    <ClInclude Include="Core\PipelineState.h">
      <Filter>Core</Filter>
    </ClInclude>
    <ClInclude Include="ThirdParties\imgui\imconfig.h" />
    <ClInclude Include="ThirdParties\imgui\imgui.h" />
    <ClInclude Include="ThirdParties\imgui\imgui_impl_glfw.h" />
    <ClInclude Include="ThirdParties\imgui\imgui_impl_vulkan.h" />
    <ClInclude Include="ThirdParties\imgui\imgui_internal.h" />
    <ClInclude Include="Sample\Sample\SampleScene.h">
      <Filter>Sample</Filter>
    </ClInclude>
    <ClInclude Include="Core\ForwardRenderPipeline.h">
      <Filter>Core</Filter>
    </ClInclude>
    <ClInclude Include="Core\JsonParser.h">
      <Filter>Core</Filter>
    </ClInclude>
    <ClInclude Include="Core\RenderPasses\GeometryRenderPass.h">
      <Filter>Core\RenderPasses</Filter>
    </ClInclude>
    <ClInclude Include="Core\RenderPasses\GUIRenderPass.h">
      <Filter>Core\RenderPasses</Filter>
    </ClInclude>
    <ClInclude Include="Core\RenderPasses\ShadowRenderPass.h">
      <Filter>Core\RenderPasses</Filter>
    </ClInclude>
    <ClInclude Include="Core\MaterialFactory.h">
      <Filter>Core</Filter>
    </ClInclude>
    <ClInclude Include="Core\MeshFactory.h">
      <Filter>Core</Filter>
    </ClInclude>
    <ClInclude Include="Core\ShaderFactory.h">
      <Filter>Core</Filter>
    </ClInclude>
    <ClInclude Include="Shaders\SampleShader.h">
      <Filter>Shaders</Filter>
    </ClInclude>
    <ClInclude Include="Shaders\ShadowShader.h">
      <Filter>Shaders</Filter>
    </ClInclude>
    <ClInclude Include="Core\DescriptorPool.h">
      <Filter>Core</Filter>
    </ClInclude>
    <ClInclude Include="Core\Utils\Math.h">
      <Filter>Core\Utils</Filter>
    </ClInclude>
  </ItemGroup>
  <ItemGroup>
    <None Include="cpp.hint" />
    <None Include="Shaders\fs.frag">
      <Filter>Shaders</Filter>
    </None>
    <None Include="Shaders\shadow.frag">
      <Filter>Shaders</Filter>
    </None>
    <None Include="Shaders\shadow.vert">
      <Filter>Shaders</Filter>
    </None>
    <None Include="Shaders\vs.vert">
      <Filter>Shaders</Filter>
    </None>
    <None Include="Shaders\common.glsl">
      <Filter>Shaders</Filter>
    </None>
    <None Include="ThirdParties\imgui\misc\debuggers\imgui.natstepfilter" />
  </ItemGroup>
  <ItemGroup>
    <Filter Include="Core">
      <UniqueIdentifier>{798de726-918b-4bbe-a69c-391f43793033}</UniqueIdentifier>
    </Filter>
    <Filter Include="IMGUI">
      <UniqueIdentifier>{cbdbe374-97c0-4824-9cd1-5c533165dcff}</UniqueIdentifier>
    </Filter>
    <Filter Include="Shaders">
      <UniqueIdentifier>{58e3dbde-ec2a-4fa5-98a9-00c0dcd46de9}</UniqueIdentifier>
    </Filter>
    <Filter Include="Components">
      <UniqueIdentifier>{49ce4538-79c5-4c0c-9c49-abcbcdff5dd9}</UniqueIdentifier>
    </Filter>
    <Filter Include="Core\Polygons">
      <UniqueIdentifier>{b30b5d06-f92b-4e4f-83ee-0eb124a33ca3}</UniqueIdentifier>
    </Filter>
    <Filter Include="Core\Vulkan">
      <UniqueIdentifier>{e982dd07-29ca-4389-9f48-79b658dd442c}</UniqueIdentifier>
    </Filter>
    <Filter Include="Core\BufferObjects">
      <UniqueIdentifier>{665c6d6e-0aaa-4386-8ba5-8a74d463508a}</UniqueIdentifier>
    </Filter>
    <Filter Include="Sample">
      <UniqueIdentifier>{9c04a490-60dd-4427-954d-ae8fbe2cf9a1}</UniqueIdentifier>
    </Filter>
    <Filter Include="Core\RenderPasses">
      <UniqueIdentifier>{e649309a-0e9b-4cd3-a513-cdca3c02d1f7}</UniqueIdentifier>
    </Filter>
    <Filter Include="Core\Utils">
      <UniqueIdentifier>{70c848c7-0b73-402a-98ce-b669fb9cf25e}</UniqueIdentifier>
    </Filter>
  </ItemGroup>
  <ItemGroup>
    <ResourceCompile Include="Vulkan.rc" />
  </ItemGroup>
  <ItemGroup>
    <Natvis Include="ThirdParties\imgui\misc\debuggers\imgui.natvis" />
  </ItemGroup>
</Project>